{
  "name": "pidigits.node-4",
  "lockfileVersion": 3,
  "requires": true,
  "packages": {
    "": {
      "dependencies": {
        "mpzjs": "^0.7.1"
      }
    },
    "node_modules/mpzjs": {
      "version": "0.7.1",
      "resolved": "https://registry.npmjs.org/mpzjs/-/mpzjs-0.7.1.tgz",
      "integrity": "sha512-psk/jbxNLz3t4RC3+GXqZEYLpmJBPKNXLxyJpX6XOAHuLwP0hgYiwCV9M/VGO0lY3Td0wIb6O9jGFEZ4PwBZrA==",
      "hasInstallScript": true,
      "license": "(MIT OR LGPL-3.0-or-later)",
      "dependencies": {
        "node-addon-api": "^3.0.0",
        "node-gyp-build": "^4.2.0"
      },
      "engines": {
        "node": ">=14.0"
      }
    },
    "node_modules/node-addon-api": {
      "version": "3.2.1",
      "resolved": "https://registry.npmjs.org/node-addon-api/-/node-addon-api-3.2.1.tgz",
      "integrity": "sha512-mmcei9JghVNDYydghQmeDX8KoAm0FAiYyIcUt/N4nhyAipB17pllZQDOJD2fotxABnt4Mdz+dKTO7eftLg4d0A==",
      "license": "MIT"
    },
    "node_modules/node-gyp-build": {
      "version": "4.8.4",
      "resolved": "https://registry.npmjs.org/node-gyp-build/-/node-gyp-build-4.8.4.tgz",
      "integrity": "sha512-LA4ZjwlnUblHVgq0oBF3Jl/6h/Nvs5fzBLwdEF4nuxnFdsfajde4WfxtJr3CaiH+F6ewcIB/q4jQ4UzPyid+CQ==",
      "license": "MIT",
      "bin": {
        "node-gyp-build": "bin.js",
        "node-gyp-build-optional": "optional.js",
        "node-gyp-build-test": "build-test.js"
      }
    }
  }
}
